{
  "version": 4,
  "terraform_version": "0.14.3",
  "serial": 25,
  "lineage": "60ff493b-ed5d-890e-9a36-5e8b53d5c931",
  "outputs": {},
  "resources": [
    {
      "mode": "managed",
      "type": "aws_db_subnet_group",
      "name": "rds-subnet-group",
      "provider": "provider[\"registry.terraform.io/hashicorp/aws\"]",
      "instances": [
        {
          "schema_version": 0,
          "attributes": {
            "arn": "arn:aws:rds:ap-northeast-2:837255883576:subgrp:subnet-group-project4",
            "description": "Managed by Terraform",
            "id": "subnet-group-project4",
            "name": "subnet-group-project4",
            "name_prefix": null,
            "subnet_ids": [
              "subnet-08a473b6bf4f27ad2",
              "subnet-09769bc39e57de54d"
            ],
            "tags": {
              "Name": "rds-subnet-group"
            }
          },
          "sensitive_attributes": [],
          "private": "bnVsbA=="
        }
      ]
    },
    {
      "mode": "managed",
      "type": "aws_security_group_rule",
      "name": "mysql_DB_SG",
      "provider": "provider[\"registry.terraform.io/hashicorp/aws\"]",
      "instances": [
        {
          "schema_version": 2,
          "attributes": {
            "cidr_blocks": [
              "0.0.0.0/0"
            ],
            "description": "",
            "from_port": 3306,
            "id": "sgrule-3205631311",
            "ipv6_cidr_blocks": [],
            "prefix_list_ids": [],
            "protocol": "tcp",
            "security_group_id": "sg-05fe7ebda1d5e01d6",
            "self": false,
            "source_security_group_id": null,
            "to_port": 3306,
            "type": "ingress"
          },
          "sensitive_attributes": [],
          "private": "eyJzY2hlbWFfdmVyc2lvbiI6IjIifQ=="
        }
      ]
    }
  ]
}
